// !$*UTF8*$!
{
	archiveVersion = 1;
	classes = {
	};
	objectVersion = 50;
	objects = {

/* Begin PBXBuildFile section */
		090A1C01032CF05599065173 /* Pods_PowerupiOS.framework in Frameworks */ = {isa = PBXBuildFile; fileRef = F35CAA2014AC4BBD36F96449 /* Pods_PowerupiOS.framework */; };
		A7144BCD2260513F004ACB03 /* AutoAPI.framework in Frameworks */ = {isa = PBXBuildFile; fileRef = A7144BCC2260513F004ACB03 /* AutoAPI.framework */; };
		A7144BCE2260513F004ACB03 /* AutoAPI.framework in Embed Frameworks */ = {isa = PBXBuildFile; fileRef = A7144BCC2260513F004ACB03 /* AutoAPI.framework */; settings = {ATTRIBUTES = (CodeSignOnCopy, RemoveHeadersOnCopy, ); }; };
		A7144BD022605144004ACB03 /* HMCryptoKit.framework in Frameworks */ = {isa = PBXBuildFile; fileRef = A7144BCF22605143004ACB03 /* HMCryptoKit.framework */; };
		A7144BD122605144004ACB03 /* HMCryptoKit.framework in Embed Frameworks */ = {isa = PBXBuildFile; fileRef = A7144BCF22605143004ACB03 /* HMCryptoKit.framework */; settings = {ATTRIBUTES = (CodeSignOnCopy, RemoveHeadersOnCopy, ); }; };
		A7144BD322605149004ACB03 /* HMKit.framework in Frameworks */ = {isa = PBXBuildFile; fileRef = A7144BD222605149004ACB03 /* HMKit.framework */; };
		A7144BD422605149004ACB03 /* HMKit.framework in Embed Frameworks */ = {isa = PBXBuildFile; fileRef = A7144BD222605149004ACB03 /* HMKit.framework */; settings = {ATTRIBUTES = (CodeSignOnCopy, RemoveHeadersOnCopy, ); }; };
		A7144BD62260514F004ACB03 /* HMUtilities.framework in Frameworks */ = {isa = PBXBuildFile; fileRef = A7144BD52260514F004ACB03 /* HMUtilities.framework */; };
		A7144BD72260514F004ACB03 /* HMUtilities.framework in Embed Frameworks */ = {isa = PBXBuildFile; fileRef = A7144BD52260514F004ACB03 /* HMUtilities.framework */; settings = {ATTRIBUTES = (CodeSignOnCopy, RemoveHeadersOnCopy, ); }; };
		A72434682257D03600B72C89 /* Car.swift in Sources */ = {isa = PBXBuildFile; fileRef = A72434672257D03500B72C89 /* Car.swift */; };
		A726895622507D8B00E7A71E /* LoginViewController.swift in Sources */ = {isa = PBXBuildFile; fileRef = A726895522507D8B00E7A71E /* LoginViewController.swift */; };
		A72689582250958800E7A71E /* GoogleService-Info.plist in Resources */ = {isa = PBXBuildFile; fileRef = A72689572250958800E7A71E /* GoogleService-Info.plist */; };
		A726895A2251C60200E7A71E /* SignupViewController.swift in Sources */ = {isa = PBXBuildFile; fileRef = A72689592251C60200E7A71E /* SignupViewController.swift */; };
		A726895C225203B700E7A71E /* MainViewController.swift in Sources */ = {isa = PBXBuildFile; fileRef = A726895B225203B700E7A71E /* MainViewController.swift */; };
		A7279C9D2249F33700DFE26B /* AppDelegate.swift in Sources */ = {isa = PBXBuildFile; fileRef = A7279C9C2249F33700DFE26B /* AppDelegate.swift */; };
		A7279C9F2249F33700DFE26B /* ViewController.swift in Sources */ = {isa = PBXBuildFile; fileRef = A7279C9E2249F33700DFE26B /* ViewController.swift */; };
		A7279CA22249F33700DFE26B /* Main.storyboard in Resources */ = {isa = PBXBuildFile; fileRef = A7279CA02249F33700DFE26B /* Main.storyboard */; };
		A7279CA52249F33700DFE26B /* PowerupiOS.xcdatamodeld in Sources */ = {isa = PBXBuildFile; fileRef = A7279CA32249F33700DFE26B /* PowerupiOS.xcdatamodeld */; };
		A7279CA72249F33A00DFE26B /* Assets.xcassets in Resources */ = {isa = PBXBuildFile; fileRef = A7279CA62249F33A00DFE26B /* Assets.xcassets */; };
		A7279CAA2249F33A00DFE26B /* LaunchScreen.storyboard in Resources */ = {isa = PBXBuildFile; fileRef = A7279CA82249F33A00DFE26B /* LaunchScreen.storyboard */; };
		A7279CB52249F33B00DFE26B /* PowerupiOSTests.swift in Sources */ = {isa = PBXBuildFile; fileRef = A7279CB42249F33B00DFE26B /* PowerupiOSTests.swift */; };
		A7279CC02249F33B00DFE26B /* PowerupiOSUITests.swift in Sources */ = {isa = PBXBuildFile; fileRef = A7279CBF2249F33B00DFE26B /* PowerupiOSUITests.swift */; };
		E51E54345A0C23DF9BF5D99F /* Pods_PowerupiOSTests.framework in Frameworks */ = {isa = PBXBuildFile; fileRef = 2558B7FA380AA29AA9C75F25 /* Pods_PowerupiOSTests.framework */; };
		F6B8082D53D3DEEEC4CC2E42 /* Pods_PowerupiOSUITests.framework in Frameworks */ = {isa = PBXBuildFile; fileRef = 8B3E88608DAFEA95502ED2EE /* Pods_PowerupiOSUITests.framework */; };
/* End PBXBuildFile section */

/* Begin PBXContainerItemProxy section */
		A7279CB12249F33B00DFE26B /* PBXContainerItemProxy */ = {
			isa = PBXContainerItemProxy;
			containerPortal = A7279C912249F33700DFE26B /* Project object */;
			proxyType = 1;
			remoteGlobalIDString = A7279C982249F33700DFE26B;
			remoteInfo = PowerupiOS;
		};
		A7279CBC2249F33B00DFE26B /* PBXContainerItemProxy */ = {
			isa = PBXContainerItemProxy;
			containerPortal = A7279C912249F33700DFE26B /* Project object */;
			proxyType = 1;
			remoteGlobalIDString = A7279C982249F33700DFE26B;
			remoteInfo = PowerupiOS;
		};
/* End PBXContainerItemProxy section */

/* Begin PBXCopyFilesBuildPhase section */
		A7279CE02249F4F000DFE26B /* Embed Frameworks */ = {
			isa = PBXCopyFilesBuildPhase;
			buildActionMask = 2147483647;
			dstPath = "";
			dstSubfolderSpec = 10;
			files = (
				A7144BCE2260513F004ACB03 /* AutoAPI.framework in Embed Frameworks */,
				A7144BD422605149004ACB03 /* HMKit.framework in Embed Frameworks */,
				A7144BD72260514F004ACB03 /* HMUtilities.framework in Embed Frameworks */,
				A7144BD122605144004ACB03 /* HMCryptoKit.framework in Embed Frameworks */,
			);
			name = "Embed Frameworks";
			runOnlyForDeploymentPostprocessing = 0;
		};
/* End PBXCopyFilesBuildPhase section */

/* Begin PBXFileReference section */
		2558B7FA380AA29AA9C75F25 /* Pods_PowerupiOSTests.framework */ = {isa = PBXFileReference; explicitFileType = wrapper.framework; includeInIndex = 0; path = Pods_PowerupiOSTests.framework; sourceTree = BUILT_PRODUCTS_DIR; };
		28ADB685B6024EDCC44BE764 /* Pods-PowerupiOSUITests.release.xcconfig */ = {isa = PBXFileReference; includeInIndex = 1; lastKnownFileType = text.xcconfig; name = "Pods-PowerupiOSUITests.release.xcconfig"; path = "Pods/Target Support Files/Pods-PowerupiOSUITests/Pods-PowerupiOSUITests.release.xcconfig"; sourceTree = "<group>"; };
		309F049B2226F23B2800D654 /* Pods-PowerupiOSUITests.debug.xcconfig */ = {isa = PBXFileReference; includeInIndex = 1; lastKnownFileType = text.xcconfig; name = "Pods-PowerupiOSUITests.debug.xcconfig"; path = "Pods/Target Support Files/Pods-PowerupiOSUITests/Pods-PowerupiOSUITests.debug.xcconfig"; sourceTree = "<group>"; };
		7B3EF55D1A8262F7DD2DF6B8 /* Pods-PowerupiOS.release.xcconfig */ = {isa = PBXFileReference; includeInIndex = 1; lastKnownFileType = text.xcconfig; name = "Pods-PowerupiOS.release.xcconfig"; path = "Pods/Target Support Files/Pods-PowerupiOS/Pods-PowerupiOS.release.xcconfig"; sourceTree = "<group>"; };
		871A2B47271AC17B1324C9C8 /* Pods-PowerupiOSTests.debug.xcconfig */ = {isa = PBXFileReference; includeInIndex = 1; lastKnownFileType = text.xcconfig; name = "Pods-PowerupiOSTests.debug.xcconfig"; path = "Pods/Target Support Files/Pods-PowerupiOSTests/Pods-PowerupiOSTests.debug.xcconfig"; sourceTree = "<group>"; };
		8B3E88608DAFEA95502ED2EE /* Pods_PowerupiOSUITests.framework */ = {isa = PBXFileReference; explicitFileType = wrapper.framework; includeInIndex = 0; path = Pods_PowerupiOSUITests.framework; sourceTree = BUILT_PRODUCTS_DIR; };
		A7144BCC2260513F004ACB03 /* AutoAPI.framework */ = {isa = PBXFileReference; lastKnownFileType = wrapper.framework; path = AutoAPI.framework; sourceTree = "<group>"; };
		A7144BCF22605143004ACB03 /* HMCryptoKit.framework */ = {isa = PBXFileReference; lastKnownFileType = wrapper.framework; path = HMCryptoKit.framework; sourceTree = "<group>"; };
		A7144BD222605149004ACB03 /* HMKit.framework */ = {isa = PBXFileReference; lastKnownFileType = wrapper.framework; path = HMKit.framework; sourceTree = "<group>"; };
		A7144BD52260514F004ACB03 /* HMUtilities.framework */ = {isa = PBXFileReference; lastKnownFileType = wrapper.framework; path = HMUtilities.framework; sourceTree = "<group>"; };
		A72434672257D03500B72C89 /* Car.swift */ = {isa = PBXFileReference; lastKnownFileType = sourcecode.swift; path = Car.swift; sourceTree = "<group>"; };
		A726895522507D8B00E7A71E /* LoginViewController.swift */ = {isa = PBXFileReference; lastKnownFileType = sourcecode.swift; path = LoginViewController.swift; sourceTree = "<group>"; };
		A72689572250958800E7A71E /* GoogleService-Info.plist */ = {isa = PBXFileReference; fileEncoding = 4; lastKnownFileType = text.plist.xml; path = "GoogleService-Info.plist"; sourceTree = "<group>"; };
		A72689592251C60200E7A71E /* SignupViewController.swift */ = {isa = PBXFileReference; lastKnownFileType = sourcecode.swift; path = SignupViewController.swift; sourceTree = "<group>"; };
		A726895B225203B700E7A71E /* MainViewController.swift */ = {isa = PBXFileReference; lastKnownFileType = sourcecode.swift; path = MainViewController.swift; sourceTree = "<group>"; };
		A7279C992249F33700DFE26B /* PowerupiOS.app */ = {isa = PBXFileReference; explicitFileType = wrapper.application; includeInIndex = 0; path = PowerupiOS.app; sourceTree = BUILT_PRODUCTS_DIR; };
		A7279C9C2249F33700DFE26B /* AppDelegate.swift */ = {isa = PBXFileReference; lastKnownFileType = sourcecode.swift; path = AppDelegate.swift; sourceTree = "<group>"; };
		A7279C9E2249F33700DFE26B /* ViewController.swift */ = {isa = PBXFileReference; lastKnownFileType = sourcecode.swift; path = ViewController.swift; sourceTree = "<group>"; };
		A7279CA12249F33700DFE26B /* Base */ = {isa = PBXFileReference; lastKnownFileType = file.storyboard; name = Base; path = Base.lproj/Main.storyboard; sourceTree = "<group>"; };
		A7279CA42249F33700DFE26B /* PowerupiOS.xcdatamodel */ = {isa = PBXFileReference; lastKnownFileType = wrapper.xcdatamodel; path = PowerupiOS.xcdatamodel; sourceTree = "<group>"; };
		A7279CA62249F33A00DFE26B /* Assets.xcassets */ = {isa = PBXFileReference; lastKnownFileType = folder.assetcatalog; path = Assets.xcassets; sourceTree = "<group>"; };
		A7279CA92249F33A00DFE26B /* Base */ = {isa = PBXFileReference; lastKnownFileType = file.storyboard; name = Base; path = Base.lproj/LaunchScreen.storyboard; sourceTree = "<group>"; };
		A7279CAB2249F33A00DFE26B /* Info.plist */ = {isa = PBXFileReference; lastKnownFileType = text.plist.xml; path = Info.plist; sourceTree = "<group>"; };
		A7279CB02249F33B00DFE26B /* PowerupiOSTests.xctest */ = {isa = PBXFileReference; explicitFileType = wrapper.cfbundle; includeInIndex = 0; path = PowerupiOSTests.xctest; sourceTree = BUILT_PRODUCTS_DIR; };
		A7279CB42249F33B00DFE26B /* PowerupiOSTests.swift */ = {isa = PBXFileReference; lastKnownFileType = sourcecode.swift; path = PowerupiOSTests.swift; sourceTree = "<group>"; };
		A7279CB62249F33B00DFE26B /* Info.plist */ = {isa = PBXFileReference; lastKnownFileType = text.plist.xml; path = Info.plist; sourceTree = "<group>"; };
		A7279CBB2249F33B00DFE26B /* PowerupiOSUITests.xctest */ = {isa = PBXFileReference; explicitFileType = wrapper.cfbundle; includeInIndex = 0; path = PowerupiOSUITests.xctest; sourceTree = BUILT_PRODUCTS_DIR; };
		A7279CBF2249F33B00DFE26B /* PowerupiOSUITests.swift */ = {isa = PBXFileReference; lastKnownFileType = sourcecode.swift; path = PowerupiOSUITests.swift; sourceTree = "<group>"; };
		A7279CC12249F33B00DFE26B /* Info.plist */ = {isa = PBXFileReference; lastKnownFileType = text.plist.xml; path = Info.plist; sourceTree = "<group>"; };
		D8D23DFBC97F197091BE8ECD /* Pods-PowerupiOS.debug.xcconfig */ = {isa = PBXFileReference; includeInIndex = 1; lastKnownFileType = text.xcconfig; name = "Pods-PowerupiOS.debug.xcconfig"; path = "Pods/Target Support Files/Pods-PowerupiOS/Pods-PowerupiOS.debug.xcconfig"; sourceTree = "<group>"; };
		D9C7BBFFE14892E1FA57897A /* Pods-PowerupiOSTests.release.xcconfig */ = {isa = PBXFileReference; includeInIndex = 1; lastKnownFileType = text.xcconfig; name = "Pods-PowerupiOSTests.release.xcconfig"; path = "Pods/Target Support Files/Pods-PowerupiOSTests/Pods-PowerupiOSTests.release.xcconfig"; sourceTree = "<group>"; };
		F35CAA2014AC4BBD36F96449 /* Pods_PowerupiOS.framework */ = {isa = PBXFileReference; explicitFileType = wrapper.framework; includeInIndex = 0; path = Pods_PowerupiOS.framework; sourceTree = BUILT_PRODUCTS_DIR; };
/* End PBXFileReference section */

/* Begin PBXFrameworksBuildPhase section */
		A7279C962249F33700DFE26B /* Frameworks */ = {
			isa = PBXFrameworksBuildPhase;
			buildActionMask = 2147483647;
			files = (
				A7144BD322605149004ACB03 /* HMKit.framework in Frameworks */,
				A7144BD62260514F004ACB03 /* HMUtilities.framework in Frameworks */,
				A7144BD022605144004ACB03 /* HMCryptoKit.framework in Frameworks */,
				A7144BCD2260513F004ACB03 /* AutoAPI.framework in Frameworks */,
				090A1C01032CF05599065173 /* Pods_PowerupiOS.framework in Frameworks */,
			);
			runOnlyForDeploymentPostprocessing = 0;
		};
		A7279CAD2249F33B00DFE26B /* Frameworks */ = {
			isa = PBXFrameworksBuildPhase;
			buildActionMask = 2147483647;
			files = (
				E51E54345A0C23DF9BF5D99F /* Pods_PowerupiOSTests.framework in Frameworks */,
			);
			runOnlyForDeploymentPostprocessing = 0;
		};
		A7279CB82249F33B00DFE26B /* Frameworks */ = {
			isa = PBXFrameworksBuildPhase;
			buildActionMask = 2147483647;
			files = (
				F6B8082D53D3DEEEC4CC2E42 /* Pods_PowerupiOSUITests.framework in Frameworks */,
			);
			runOnlyForDeploymentPostprocessing = 0;
		};
/* End PBXFrameworksBuildPhase section */

/* Begin PBXGroup section */
		56E169982743BB9965A49559 /* Frameworks */ = {
			isa = PBXGroup;
			children = (
				F35CAA2014AC4BBD36F96449 /* Pods_PowerupiOS.framework */,
				2558B7FA380AA29AA9C75F25 /* Pods_PowerupiOSTests.framework */,
				8B3E88608DAFEA95502ED2EE /* Pods_PowerupiOSUITests.framework */,
			);
			name = Frameworks;
			sourceTree = "<group>";
		};
		900990D9214D7485D8D24A7F /* Pods */ = {
			isa = PBXGroup;
			children = (
				D8D23DFBC97F197091BE8ECD /* Pods-PowerupiOS.debug.xcconfig */,
				7B3EF55D1A8262F7DD2DF6B8 /* Pods-PowerupiOS.release.xcconfig */,
				871A2B47271AC17B1324C9C8 /* Pods-PowerupiOSTests.debug.xcconfig */,
				D9C7BBFFE14892E1FA57897A /* Pods-PowerupiOSTests.release.xcconfig */,
				309F049B2226F23B2800D654 /* Pods-PowerupiOSUITests.debug.xcconfig */,
				28ADB685B6024EDCC44BE764 /* Pods-PowerupiOSUITests.release.xcconfig */,
			);
			name = Pods;
			sourceTree = "<group>";
		};
		A7279C902249F33700DFE26B = {
			isa = PBXGroup;
			children = (
				A7144BD52260514F004ACB03 /* HMUtilities.framework */,
				A7144BD222605149004ACB03 /* HMKit.framework */,
				A7144BCF22605143004ACB03 /* HMCryptoKit.framework */,
				A7144BCC2260513F004ACB03 /* AutoAPI.framework */,
				A7279C9B2249F33700DFE26B /* PowerupiOS */,
				A7279CB32249F33B00DFE26B /* PowerupiOSTests */,
				A7279CBE2249F33B00DFE26B /* PowerupiOSUITests */,
				A7279C9A2249F33700DFE26B /* Products */,
				900990D9214D7485D8D24A7F /* Pods */,
				56E169982743BB9965A49559 /* Frameworks */,
			);
			sourceTree = "<group>";
		};
		A7279C9A2249F33700DFE26B /* Products */ = {
			isa = PBXGroup;
			children = (
				A7279C992249F33700DFE26B /* PowerupiOS.app */,
				A7279CB02249F33B00DFE26B /* PowerupiOSTests.xctest */,
				A7279CBB2249F33B00DFE26B /* PowerupiOSUITests.xctest */,
			);
			name = Products;
			sourceTree = "<group>";
		};
		A7279C9B2249F33700DFE26B /* PowerupiOS */ = {
			isa = PBXGroup;
			children = (
				A7279C9C2249F33700DFE26B /* AppDelegate.swift */,
				A7279C9E2249F33700DFE26B /* ViewController.swift */,
				A72434672257D03500B72C89 /* Car.swift */,
				A7279CA02249F33700DFE26B /* Main.storyboard */,
				A726895B225203B700E7A71E /* MainViewController.swift */,
				A72689592251C60200E7A71E /* SignupViewController.swift */,
				A726895522507D8B00E7A71E /* LoginViewController.swift */,
				A7279CA62249F33A00DFE26B /* Assets.xcassets */,
				A72689572250958800E7A71E /* GoogleService-Info.plist */,
				A7279CA82249F33A00DFE26B /* LaunchScreen.storyboard */,
				A7279CAB2249F33A00DFE26B /* Info.plist */,
				A7279CA32249F33700DFE26B /* PowerupiOS.xcdatamodeld */,
			);
			path = PowerupiOS;
			sourceTree = "<group>";
		};
		A7279CB32249F33B00DFE26B /* PowerupiOSTests */ = {
			isa = PBXGroup;
			children = (
				A7279CB42249F33B00DFE26B /* PowerupiOSTests.swift */,
				A7279CB62249F33B00DFE26B /* Info.plist */,
			);
			path = PowerupiOSTests;
			sourceTree = "<group>";
		};
		A7279CBE2249F33B00DFE26B /* PowerupiOSUITests */ = {
			isa = PBXGroup;
			children = (
				A7279CBF2249F33B00DFE26B /* PowerupiOSUITests.swift */,
				A7279CC12249F33B00DFE26B /* Info.plist */,
			);
			path = PowerupiOSUITests;
			sourceTree = "<group>";
		};
/* End PBXGroup section */

/* Begin PBXNativeTarget section */
		A7279C982249F33700DFE26B /* PowerupiOS */ = {
			isa = PBXNativeTarget;
			buildConfigurationList = A7279CC42249F33B00DFE26B /* Build configuration list for PBXNativeTarget "PowerupiOS" */;
			buildPhases = (
				A1CC517A46A8583D6E68CFF6 /* [CP] Check Pods Manifest.lock */,
				A7279C952249F33700DFE26B /* Sources */,
				A7279C962249F33700DFE26B /* Frameworks */,
				A7279C972249F33700DFE26B /* Resources */,
				A7279CE02249F4F000DFE26B /* Embed Frameworks */,
				1BACD4EA3A4C629DFFED400C /* [CP] Embed Pods Frameworks */,
			);
			buildRules = (
			);
			dependencies = (
			);
			name = PowerupiOS;
			productName = PowerupiOS;
			productReference = A7279C992249F33700DFE26B /* PowerupiOS.app */;
			productType = "com.apple.product-type.application";
		};
		A7279CAF2249F33B00DFE26B /* PowerupiOSTests */ = {
			isa = PBXNativeTarget;
			buildConfigurationList = A7279CC72249F33B00DFE26B /* Build configuration list for PBXNativeTarget "PowerupiOSTests" */;
			buildPhases = (
				B16F7892068C86F036D20C21 /* [CP] Check Pods Manifest.lock */,
				A7279CAC2249F33B00DFE26B /* Sources */,
				A7279CAD2249F33B00DFE26B /* Frameworks */,
				A7279CAE2249F33B00DFE26B /* Resources */,
			);
			buildRules = (
			);
			dependencies = (
				A7279CB22249F33B00DFE26B /* PBXTargetDependency */,
			);
			name = PowerupiOSTests;
			productName = PowerupiOSTests;
			productReference = A7279CB02249F33B00DFE26B /* PowerupiOSTests.xctest */;
			productType = "com.apple.product-type.bundle.unit-test";
		};
		A7279CBA2249F33B00DFE26B /* PowerupiOSUITests */ = {
			isa = PBXNativeTarget;
			buildConfigurationList = A7279CCA2249F33B00DFE26B /* Build configuration list for PBXNativeTarget "PowerupiOSUITests" */;
			buildPhases = (
				1997D296A4715A91FE44FFD7 /* [CP] Check Pods Manifest.lock */,
				A7279CB72249F33B00DFE26B /* Sources */,
				A7279CB82249F33B00DFE26B /* Frameworks */,
				A7279CB92249F33B00DFE26B /* Resources */,
			);
			buildRules = (
			);
			dependencies = (
				A7279CBD2249F33B00DFE26B /* PBXTargetDependency */,
			);
			name = PowerupiOSUITests;
			productName = PowerupiOSUITests;
			productReference = A7279CBB2249F33B00DFE26B /* PowerupiOSUITests.xctest */;
			productType = "com.apple.product-type.bundle.ui-testing";
		};
/* End PBXNativeTarget section */

/* Begin PBXProject section */
		A7279C912249F33700DFE26B /* Project object */ = {
			isa = PBXProject;
			attributes = {
				LastSwiftUpdateCheck = 1010;
				LastUpgradeCheck = 1010;
				ORGANIZATIONNAME = "Danner Opp., LLC";
				TargetAttributes = {
					A7279C982249F33700DFE26B = {
						CreatedOnToolsVersion = 10.1;
					};
					A7279CAF2249F33B00DFE26B = {
						CreatedOnToolsVersion = 10.1;
						TestTargetID = A7279C982249F33700DFE26B;
					};
					A7279CBA2249F33B00DFE26B = {
						CreatedOnToolsVersion = 10.1;
						TestTargetID = A7279C982249F33700DFE26B;
					};
				};
			};
			buildConfigurationList = A7279C942249F33700DFE26B /* Build configuration list for PBXProject "PowerupiOS" */;
			compatibilityVersion = "Xcode 9.3";
			developmentRegion = en;
			hasScannedForEncodings = 0;
			knownRegions = (
				en,
				Base,
			);
			mainGroup = A7279C902249F33700DFE26B;
			productRefGroup = A7279C9A2249F33700DFE26B /* Products */;
			projectDirPath = "";
			projectRoot = "";
			targets = (
				A7279C982249F33700DFE26B /* PowerupiOS */,
				A7279CAF2249F33B00DFE26B /* PowerupiOSTests */,
				A7279CBA2249F33B00DFE26B /* PowerupiOSUITests */,
			);
		};
/* End PBXProject section */

/* Begin PBXResourcesBuildPhase section */
		A7279C972249F33700DFE26B /* Resources */ = {
			isa = PBXResourcesBuildPhase;
			buildActionMask = 2147483647;
			files = (
				A7279CAA2249F33A00DFE26B /* LaunchScreen.storyboard in Resources */,
				A72689582250958800E7A71E /* GoogleService-Info.plist in Resources */,
				A7279CA72249F33A00DFE26B /* Assets.xcassets in Resources */,
				A7279CA22249F33700DFE26B /* Main.storyboard in Resources */,
			);
			runOnlyForDeploymentPostprocessing = 0;
		};
		A7279CAE2249F33B00DFE26B /* Resources */ = {
			isa = PBXResourcesBuildPhase;
			buildActionMask = 2147483647;
			files = (
			);
			runOnlyForDeploymentPostprocessing = 0;
		};
		A7279CB92249F33B00DFE26B /* Resources */ = {
			isa = PBXResourcesBuildPhase;
			buildActionMask = 2147483647;
			files = (
			);
			runOnlyForDeploymentPostprocessing = 0;
		};
/* End PBXResourcesBuildPhase section */

/* Begin PBXShellScriptBuildPhase section */
		1997D296A4715A91FE44FFD7 /* [CP] Check Pods Manifest.lock */ = {
			isa = PBXShellScriptBuildPhase;
			buildActionMask = 2147483647;
			files = (
			);
			inputPaths = (
				"${PODS_PODFILE_DIR_PATH}/Podfile.lock",
				"${PODS_ROOT}/Manifest.lock",
			);
			name = "[CP] Check Pods Manifest.lock";
			outputPaths = (
				"$(DERIVED_FILE_DIR)/Pods-PowerupiOSUITests-checkManifestLockResult.txt",
			);
			runOnlyForDeploymentPostprocessing = 0;
			shellPath = /bin/sh;
			shellScript = "diff \"${PODS_PODFILE_DIR_PATH}/Podfile.lock\" \"${PODS_ROOT}/Manifest.lock\" > /dev/null\nif [ $? != 0 ] ; then\n    # print error to STDERR\n    echo \"error: The sandbox is not in sync with the Podfile.lock. Run 'pod install' or update your CocoaPods installation.\" >&2\n    exit 1\nfi\n# This output is used by Xcode 'outputs' to avoid re-running this script phase.\necho \"SUCCESS\" > \"${SCRIPT_OUTPUT_FILE_0}\"\n";
			showEnvVarsInLog = 0;
		};
		1BACD4EA3A4C629DFFED400C /* [CP] Embed Pods Frameworks */ = {
			isa = PBXShellScriptBuildPhase;
			buildActionMask = 2147483647;
			files = (
			);
			inputPaths = (
				"${SRCROOT}/Pods/Target Support Files/Pods-PowerupiOS/Pods-PowerupiOS-frameworks.sh",
				"${BUILT_PRODUCTS_DIR}/GTMSessionFetcher/GTMSessionFetcher.framework",
				"${BUILT_PRODUCTS_DIR}/GoogleUtilities/GoogleUtilities.framework",
				"${BUILT_PRODUCTS_DIR}/leveldb-library/leveldb.framework",
				"${BUILT_PRODUCTS_DIR}/nanopb/nanopb.framework",
			);
			name = "[CP] Embed Pods Frameworks";
			outputPaths = (
				"${TARGET_BUILD_DIR}/${FRAMEWORKS_FOLDER_PATH}/GTMSessionFetcher.framework",
				"${TARGET_BUILD_DIR}/${FRAMEWORKS_FOLDER_PATH}/GoogleUtilities.framework",
				"${TARGET_BUILD_DIR}/${FRAMEWORKS_FOLDER_PATH}/leveldb.framework",
				"${TARGET_BUILD_DIR}/${FRAMEWORKS_FOLDER_PATH}/nanopb.framework",
			);
			runOnlyForDeploymentPostprocessing = 0;
			shellPath = /bin/sh;
			shellScript = "\"${SRCROOT}/Pods/Target Support Files/Pods-PowerupiOS/Pods-PowerupiOS-frameworks.sh\"\n";
			showEnvVarsInLog = 0;
		};
		A1CC517A46A8583D6E68CFF6 /* [CP] Check Pods Manifest.lock */ = {
			isa = PBXShellScriptBuildPhase;
			buildActionMask = 2147483647;
			files = (
			);
			inputPaths = (
				"${PODS_PODFILE_DIR_PATH}/Podfile.lock",
				"${PODS_ROOT}/Manifest.lock",
			);
			name = "[CP] Check Pods Manifest.lock";
			outputPaths = (
				"$(DERIVED_FILE_DIR)/Pods-PowerupiOS-checkManifestLockResult.txt",
			);
			runOnlyForDeploymentPostprocessing = 0;
			shellPath = /bin/sh;
			shellScript = "diff \"${PODS_PODFILE_DIR_PATH}/Podfile.lock\" \"${PODS_ROOT}/Manifest.lock\" > /dev/null\nif [ $? != 0 ] ; then\n    # print error to STDERR\n    echo \"error: The sandbox is not in sync with the Podfile.lock. Run 'pod install' or update your CocoaPods installation.\" >&2\n    exit 1\nfi\n# This output is used by Xcode 'outputs' to avoid re-running this script phase.\necho \"SUCCESS\" > \"${SCRIPT_OUTPUT_FILE_0}\"\n";
			showEnvVarsInLog = 0;
		};
		B16F7892068C86F036D20C21 /* [CP] Check Pods Manifest.lock */ = {
			isa = PBXShellScriptBuildPhase;
			buildActionMask = 2147483647;
			files = (
			);
			inputPaths = (
				"${PODS_PODFILE_DIR_PATH}/Podfile.lock",
				"${PODS_ROOT}/Manifest.lock",
			);
			name = "[CP] Check Pods Manifest.lock";
			outputPaths = (
				"$(DERIVED_FILE_DIR)/Pods-PowerupiOSTests-checkManifestLockResult.txt",
			);
			runOnlyForDeploymentPostprocessing = 0;
			shellPath = /bin/sh;
			shellScript = "diff \"${PODS_PODFILE_DIR_PATH}/Podfile.lock\" \"${PODS_ROOT}/Manifest.lock\" > /dev/null\nif [ $? != 0 ] ; then\n    # print error to STDERR\n    echo \"error: The sandbox is not in sync with the Podfile.lock. Run 'pod install' or update your CocoaPods installation.\" >&2\n    exit 1\nfi\n# This output is used by Xcode 'outputs' to avoid re-running this script phase.\necho \"SUCCESS\" > \"${SCRIPT_OUTPUT_FILE_0}\"\n";
			showEnvVarsInLog = 0;
		};
/* End PBXShellScriptBuildPhase section */

/* Begin PBXSourcesBuildPhase section */
		A7279C952249F33700DFE26B /* Sources */ = {
			isa = PBXSourcesBuildPhase;
			buildActionMask = 2147483647;
			files = (
				A7279CA52249F33700DFE26B /* PowerupiOS.xcdatamodeld in Sources */,
				A7279C9F2249F33700DFE26B /* ViewController.swift in Sources */,
				A726895A2251C60200E7A71E /* SignupViewController.swift in Sources */,
				A726895C225203B700E7A71E /* MainViewController.swift in Sources */,
				A7279C9D2249F33700DFE26B /* AppDelegate.swift in Sources */,
				A72434682257D03600B72C89 /* Car.swift in Sources */,
				A726895622507D8B00E7A71E /* LoginViewController.swift in Sources */,
			);
			runOnlyForDeploymentPostprocessing = 0;
		};
		A7279CAC2249F33B00DFE26B /* Sources */ = {
			isa = PBXSourcesBuildPhase;
			buildActionMask = 2147483647;
			files = (
				A7279CB52249F33B00DFE26B /* PowerupiOSTests.swift in Sources */,
			);
			runOnlyForDeploymentPostprocessing = 0;
		};
		A7279CB72249F33B00DFE26B /* Sources */ = {
			isa = PBXSourcesBuildPhase;
			buildActionMask = 2147483647;
			files = (
				A7279CC02249F33B00DFE26B /* PowerupiOSUITests.swift in Sources */,
			);
			runOnlyForDeploymentPostprocessing = 0;
		};
/* End PBXSourcesBuildPhase section */

/* Begin PBXTargetDependency section */
		A7279CB22249F33B00DFE26B /* PBXTargetDependency */ = {
			isa = PBXTargetDependency;
			target = A7279C982249F33700DFE26B /* PowerupiOS */;
			targetProxy = A7279CB12249F33B00DFE26B /* PBXContainerItemProxy */;
		};
		A7279CBD2249F33B00DFE26B /* PBXTargetDependency */ = {
			isa = PBXTargetDependency;
			target = A7279C982249F33700DFE26B /* PowerupiOS */;
			targetProxy = A7279CBC2249F33B00DFE26B /* PBXContainerItemProxy */;
		};
/* End PBXTargetDependency section */

/* Begin PBXVariantGroup section */
		A7279CA02249F33700DFE26B /* Main.storyboard */ = {
			isa = PBXVariantGroup;
			children = (
				A7279CA12249F33700DFE26B /* Base */,
			);
			name = Main.storyboard;
			sourceTree = "<group>";
		};
		A7279CA82249F33A00DFE26B /* LaunchScreen.storyboard */ = {
			isa = PBXVariantGroup;
			children = (
				A7279CA92249F33A00DFE26B /* Base */,
			);
			name = LaunchScreen.storyboard;
			sourceTree = "<group>";
		};
/* End PBXVariantGroup section */

/* Begin XCBuildConfiguration section */
		A7279CC22249F33B00DFE26B /* Debug */ = {
			isa = XCBuildConfiguration;
			buildSettings = {
				ALWAYS_SEARCH_USER_PATHS = NO;
				CLANG_ANALYZER_NONNULL = YES;
				CLANG_ANALYZER_NUMBER_OBJECT_CONVERSION = YES_AGGRESSIVE;
				CLANG_CXX_LANGUAGE_STANDARD = "gnu++14";
				CLANG_CXX_LIBRARY = "libc++";
				CLANG_ENABLE_MODULES = YES;
				CLANG_ENABLE_OBJC_ARC = YES;
				CLANG_ENABLE_OBJC_WEAK = YES;
				CLANG_WARN_BLOCK_CAPTURE_AUTORELEASING = YES;
				CLANG_WARN_BOOL_CONVERSION = YES;
				CLANG_WARN_COMMA = YES;
				CLANG_WARN_CONSTANT_CONVERSION = YES;
				CLANG_WARN_DEPRECATED_OBJC_IMPLEMENTATIONS = YES;
				CLANG_WARN_DIRECT_OBJC_ISA_USAGE = YES_ERROR;
				CLANG_WARN_DOCUMENTATION_COMMENTS = YES;
				CLANG_WARN_EMPTY_BODY = YES;
				CLANG_WARN_ENUM_CONVERSION = YES;
				CLANG_WARN_INFINITE_RECURSION = YES;
				CLANG_WARN_INT_CONVERSION = YES;
				CLANG_WARN_NON_LITERAL_NULL_CONVERSION = YES;
				CLANG_WARN_OBJC_IMPLICIT_RETAIN_SELF = YES;
				CLANG_WARN_OBJC_LITERAL_CONVERSION = YES;
				CLANG_WARN_OBJC_ROOT_CLASS = YES_ERROR;
				CLANG_WARN_RANGE_LOOP_ANALYSIS = YES;
				CLANG_WARN_STRICT_PROTOTYPES = YES;
				CLANG_WARN_SUSPICIOUS_MOVE = YES;
				CLANG_WARN_UNGUARDED_AVAILABILITY = YES_AGGRESSIVE;
				CLANG_WARN_UNREACHABLE_CODE = YES;
				CLANG_WARN__DUPLICATE_METHOD_MATCH = YES;
				CODE_SIGN_IDENTITY = "iPhone Developer";
				COPY_PHASE_STRIP = NO;
				DEBUG_INFORMATION_FORMAT = dwarf;
				ENABLE_STRICT_OBJC_MSGSEND = YES;
				ENABLE_TESTABILITY = YES;
				GCC_C_LANGUAGE_STANDARD = gnu11;
				GCC_DYNAMIC_NO_PIC = NO;
				GCC_NO_COMMON_BLOCKS = YES;
				GCC_OPTIMIZATION_LEVEL = 0;
				GCC_PREPROCESSOR_DEFINITIONS = (
					"DEBUG=1",
					"$(inherited)",
				);
				GCC_WARN_64_TO_32_BIT_CONVERSION = YES;
				GCC_WARN_ABOUT_RETURN_TYPE = YES_ERROR;
				GCC_WARN_UNDECLARED_SELECTOR = YES;
				GCC_WARN_UNINITIALIZED_AUTOS = YES_AGGRESSIVE;
				GCC_WARN_UNUSED_FUNCTION = YES;
				GCC_WARN_UNUSED_VARIABLE = YES;
				IPHONEOS_DEPLOYMENT_TARGET = 12.1;
				MTL_ENABLE_DEBUG_INFO = INCLUDE_SOURCE;
				MTL_FAST_MATH = YES;
				ONLY_ACTIVE_ARCH = YES;
				SDKROOT = iphoneos;
				SWIFT_ACTIVE_COMPILATION_CONDITIONS = DEBUG;
				SWIFT_OPTIMIZATION_LEVEL = "-Onone";
			};
			name = Debug;
		};
		A7279CC32249F33B00DFE26B /* Release */ = {
			isa = XCBuildConfiguration;
			buildSettings = {
				ALWAYS_SEARCH_USER_PATHS = NO;
				CLANG_ANALYZER_NONNULL = YES;
				CLANG_ANALYZER_NUMBER_OBJECT_CONVERSION = YES_AGGRESSIVE;
				CLANG_CXX_LANGUAGE_STANDARD = "gnu++14";
				CLANG_CXX_LIBRARY = "libc++";
				CLANG_ENABLE_MODULES = YES;
				CLANG_ENABLE_OBJC_ARC = YES;
				CLANG_ENABLE_OBJC_WEAK = YES;
				CLANG_WARN_BLOCK_CAPTURE_AUTORELEASING = YES;
				CLANG_WARN_BOOL_CONVERSION = YES;
				CLANG_WARN_COMMA = YES;
				CLANG_WARN_CONSTANT_CONVERSION = YES;
				CLANG_WARN_DEPRECATED_OBJC_IMPLEMENTATIONS = YES;
				CLANG_WARN_DIRECT_OBJC_ISA_USAGE = YES_ERROR;
				CLANG_WARN_DOCUMENTATION_COMMENTS = YES;
				CLANG_WARN_EMPTY_BODY = YES;
				CLANG_WARN_ENUM_CONVERSION = YES;
				CLANG_WARN_INFINITE_RECURSION = YES;
				CLANG_WARN_INT_CONVERSION = YES;
				CLANG_WARN_NON_LITERAL_NULL_CONVERSION = YES;
				CLANG_WARN_OBJC_IMPLICIT_RETAIN_SELF = YES;
				CLANG_WARN_OBJC_LITERAL_CONVERSION = YES;
				CLANG_WARN_OBJC_ROOT_CLASS = YES_ERROR;
				CLANG_WARN_RANGE_LOOP_ANALYSIS = YES;
				CLANG_WARN_STRICT_PROTOTYPES = YES;
				CLANG_WARN_SUSPICIOUS_MOVE = YES;
				CLANG_WARN_UNGUARDED_AVAILABILITY = YES_AGGRESSIVE;
				CLANG_WARN_UNREACHABLE_CODE = YES;
				CLANG_WARN__DUPLICATE_METHOD_MATCH = YES;
				CODE_SIGN_IDENTITY = "iPhone Developer";
				COPY_PHASE_STRIP = NO;
				DEBUG_INFORMATION_FORMAT = "dwarf-with-dsym";
				ENABLE_NS_ASSERTIONS = NO;
				ENABLE_STRICT_OBJC_MSGSEND = YES;
				GCC_C_LANGUAGE_STANDARD = gnu11;
				GCC_NO_COMMON_BLOCKS = YES;
				GCC_WARN_64_TO_32_BIT_CONVERSION = YES;
				GCC_WARN_ABOUT_RETURN_TYPE = YES_ERROR;
				GCC_WARN_UNDECLARED_SELECTOR = YES;
				GCC_WARN_UNINITIALIZED_AUTOS = YES_AGGRESSIVE;
				GCC_WARN_UNUSED_FUNCTION = YES;
				GCC_WARN_UNUSED_VARIABLE = YES;
				IPHONEOS_DEPLOYMENT_TARGET = 12.1;
				MTL_ENABLE_DEBUG_INFO = NO;
				MTL_FAST_MATH = YES;
				SDKROOT = iphoneos;
				SWIFT_COMPILATION_MODE = wholemodule;
				SWIFT_OPTIMIZATION_LEVEL = "-O";
				VALIDATE_PRODUCT = YES;
			};
			name = Release;
		};
		A7279CC52249F33B00DFE26B /* Debug */ = {
			isa = XCBuildConfiguration;
			baseConfigurationReference = D8D23DFBC97F197091BE8ECD /* Pods-PowerupiOS.debug.xcconfig */;
			buildSettings = {
				ASSETCATALOG_COMPILER_APPICON_NAME = AppIcon;
				CODE_SIGN_STYLE = Automatic;
				DEVELOPMENT_TEAM = 8567B7Q6H6;
				FRAMEWORK_SEARCH_PATHS = (
					"$(inherited)",
					"$(PROJECT_DIR)",
				);
				INFOPLIST_FILE = PowerupiOS/Info.plist;
				IPHONEOS_DEPLOYMENT_TARGET = 11.3;
				LD_RUNPATH_SEARCH_PATHS = (
					"$(inherited)",
					"@executable_path/Frameworks",
				);
				PRODUCT_BUNDLE_IDENTIFIER = com.DannerOpp.PowerupiOS;
				PRODUCT_NAME = "$(TARGET_NAME)";
				SWIFT_VERSION = 4.2;
				TARGETED_DEVICE_FAMILY = 1;
			};
			name = Debug;
		};
		A7279CC62249F33B00DFE26B /* Release */ = {
			isa = XCBuildConfiguration;
			baseConfigurationReference = 7B3EF55D1A8262F7DD2DF6B8 /* Pods-PowerupiOS.release.xcconfig */;
			buildSettings = {
				ASSETCATALOG_COMPILER_APPICON_NAME = AppIcon;
				CODE_SIGN_STYLE = Automatic;
				DEVELOPMENT_TEAM = 8567B7Q6H6;
				FRAMEWORK_SEARCH_PATHS = (
					"$(inherited)",
					"$(PROJECT_DIR)",
				);
				INFOPLIST_FILE = PowerupiOS/Info.plist;
				IPHONEOS_DEPLOYMENT_TARGET = 11.3;
				LD_RUNPATH_SEARCH_PATHS = (
					"$(inherited)",
					"@executable_path/Frameworks",
				);
				PRODUCT_BUNDLE_IDENTIFIER = com.DannerOpp.PowerupiOS;
				PRODUCT_NAME = "$(TARGET_NAME)";
				SWIFT_VERSION = 4.2;
				TARGETED_DEVICE_FAMILY = 1;
			};
			name = Release;
		};
		A7279CC82249F33B00DFE26B /* Debug */ = {
			isa = XCBuildConfiguration;
			baseConfigurationReference = 871A2B47271AC17B1324C9C8 /* Pods-PowerupiOSTests.debug.xcconfig */;
			buildSettings = {
				ALWAYS_EMBED_SWIFT_STANDARD_LIBRARIES = YES;
				BUNDLE_LOADER = "$(TEST_HOST)";
				CODE_SIGN_STYLE = Automatic;
				DEVELOPMENT_TEAM = 8567B7Q6H6;
				INFOPLIST_FILE = PowerupiOSTests/Info.plist;
				IPHONEOS_DEPLOYMENT_TARGET = 11.3;
				LD_RUNPATH_SEARCH_PATHS = (
					"$(inherited)",
					"@executable_path/Frameworks",
					"@loader_path/Frameworks",
				);
				PRODUCT_BUNDLE_IDENTIFIER = com.DannerOpp.PowerupiOSTests;
				PRODUCT_NAME = "$(TARGET_NAME)";
				SWIFT_VERSION = 4.2;
				TARGETED_DEVICE_FAMILY = "1,2";
				TEST_HOST = "$(BUILT_PRODUCTS_DIR)/PowerupiOS.app/PowerupiOS";
			};
			name = Debug;
		};
		A7279CC92249F33B00DFE26B /* Release */ = {
			isa = XCBuildConfiguration;
			baseConfigurationReference = D9C7BBFFE14892E1FA57897A /* Pods-PowerupiOSTests.release.xcconfig */;
			buildSettings = {
				ALWAYS_EMBED_SWIFT_STANDARD_LIBRARIES = YES;
				BUNDLE_LOADER = "$(TEST_HOST)";
				CODE_SIGN_STYLE = Automatic;
				DEVELOPMENT_TEAM = 8567B7Q6H6;
				INFOPLIST_FILE = PowerupiOSTests/Info.plist;
				IPHONEOS_DEPLOYMENT_TARGET = 11.3;
				LD_RUNPATH_SEARCH_PATHS = (
					"$(inherited)",
					"@executable_path/Frameworks",
					"@loader_path/Frameworks",
				);
				PRODUCT_BUNDLE_IDENTIFIER = com.DannerOpp.PowerupiOSTests;
				PRODUCT_NAME = "$(TARGET_NAME)";
				SWIFT_VERSION = 4.2;
				TARGETED_DEVICE_FAMILY = "1,2";
				TEST_HOST = "$(BUILT_PRODUCTS_DIR)/PowerupiOS.app/PowerupiOS";
			};
			name = Release;
		};
		A7279CCB2249F33B00DFE26B /* Debug */ = {
			isa = XCBuildConfiguration;
			baseConfigurationReference = 309F049B2226F23B2800D654 /* Pods-PowerupiOSUITests.debug.xcconfig */;
			buildSettings = {
				ALWAYS_EMBED_SWIFT_STANDARD_LIBRARIES = YES;
				CODE_SIGN_STYLE = Automatic;
				DEVELOPMENT_TEAM = 8567B7Q6H6;
				INFOPLIST_FILE = PowerupiOSUITests/Info.plist;
				IPHONEOS_DEPLOYMENT_TARGET = 11.3;
				LD_RUNPATH_SEARCH_PATHS = (
					"$(inherited)",
					"@executable_path/Frameworks",
					"@loader_path/Frameworks",
				);
				PRODUCT_BUNDLE_IDENTIFIER = com.DannerOpp.PowerupiOSUITests;
				PRODUCT_NAME = "$(TARGET_NAME)";
				SWIFT_VERSION = 4.2;
				TARGETED_DEVICE_FAMILY = "1,2";
				TEST_TARGET_NAME = PowerupiOS;
			};
			name = Debug;
		};
		A7279CCC2249F33B00DFE26B /* Release */ = {
			isa = XCBuildConfiguration;
			baseConfigurationReference = 28ADB685B6024EDCC44BE764 /* Pods-PowerupiOSUITests.release.xcconfig */;
			buildSettings = {
				ALWAYS_EMBED_SWIFT_STANDARD_LIBRARIES = YES;
				CODE_SIGN_STYLE = Automatic;
				DEVELOPMENT_TEAM = 8567B7Q6H6;
				INFOPLIST_FILE = PowerupiOSUITests/Info.plist;
				IPHONEOS_DEPLOYMENT_TARGET = 11.3;
				LD_RUNPATH_SEARCH_PATHS = (
					"$(inherited)",
					"@executable_path/Frameworks",
					"@loader_path/Frameworks",
				);
				PRODUCT_BUNDLE_IDENTIFIER = com.DannerOpp.PowerupiOSUITests;
				PRODUCT_NAME = "$(TARGET_NAME)";
				SWIFT_VERSION = 4.2;
				TARGETED_DEVICE_FAMILY = "1,2";
				TEST_TARGET_NAME = PowerupiOS;
			};
			name = Release;
		};
/* End XCBuildConfiguration section */

/* Begin XCConfigurationList section */
		A7279C942249F33700DFE26B /* Build configuration list for PBXProject "PowerupiOS" */ = {
			isa = XCConfigurationList;
			buildConfigurations = (
				A7279CC22249F33B00DFE26B /* Debug */,
				A7279CC32249F33B00DFE26B /* Release */,
			);
			defaultConfigurationIsVisible = 0;
			defaultConfigurationName = Release;
		};
		A7279CC42249F33B00DFE26B /* Build configuration list for PBXNativeTarget "PowerupiOS" */ = {
			isa = XCConfigurationList;
			buildConfigurations = (
				A7279CC52249F33B00DFE26B /* Debug */,
				A7279CC62249F33B00DFE26B /* Release */,
			);
			defaultConfigurationIsVisible = 0;
			defaultConfigurationName = Release;
		};
		A7279CC72249F33B00DFE26B /* Build configuration list for PBXNativeTarget "PowerupiOSTests" */ = {
			isa = XCConfigurationList;
			buildConfigurations = (
				A7279CC82249F33B00DFE26B /* Debug */,
				A7279CC92249F33B00DFE26B /* Release */,
			);
			defaultConfigurationIsVisible = 0;
			defaultConfigurationName = Release;
		};
		A7279CCA2249F33B00DFE26B /* Build configuration list for PBXNativeTarget "PowerupiOSUITests" */ = {
			isa = XCConfigurationList;
			buildConfigurations = (
				A7279CCB2249F33B00DFE26B /* Debug */,
				A7279CCC2249F33B00DFE26B /* Release */,
			);
			defaultConfigurationIsVisible = 0;
			defaultConfigurationName = Release;
		};
/* End XCConfigurationList section */

/* Begin XCVersionGroup section */
		A7279CA32249F33700DFE26B /* PowerupiOS.xcdatamodeld */ = {
			isa = XCVersionGroup;
			children = (
				A7279CA42249F33700DFE26B /* PowerupiOS.xcdatamodel */,
			);
			currentVersion = A7279CA42249F33700DFE26B /* PowerupiOS.xcdatamodel */;
			path = PowerupiOS.xcdatamodeld;
			sourceTree = "<group>";
			versionGroupType = wrapper.xcdatamodel;
		};
/* End XCVersionGroup section */
	};
	rootObject = A7279C912249F33700DFE26B /* Project object */;
}
